
Microsoft Visual Studio Solution File, Format Version 12.00
# Visual Studio Version 17
VisualStudioVersion = 17.6.33723.286
MinimumVisualStudioVersion = 10.0.40219.1
Project("{FAE04EC0-301F-11D3-BF4B-00C04F79EFBC}") = "PetLifeApp.Android", "PetLifeApp.Android\PetLifeApp.Android.csproj", "{23469E8A-245A-4F0A-80AB-A330C869FBFE}"
EndProject
Project("{FAE04EC0-301F-11D3-BF4B-00C04F79EFBC}") = "PetLifeApp", "PetLifeApp\PetLifeApp.csproj", "{68FB0B41-D07F-4352-88D0-3F9FC65D6FA9}"
EndProject
Global
	GlobalSection(SolutionConfigurationPlatforms) = preSolution
		Debug|Any CPU = Debug|Any CPU
		Release|Any CPU = Release|Any CPU
	EndGlobalSection
	GlobalSection(ProjectConfigurationPlatforms) = postSolution
		{23469E8A-245A-4F0A-80AB-A330C869FBFE}.Debug|Any CPU.ActiveCfg = Debug|Any CPU
		{23469E8A-245A-4F0A-80AB-A330C869FBFE}.Debug|Any CPU.Build.0 = Debug|Any CPU
		{23469E8A-245A-4F0A-80AB-A330C869FBFE}.Debug|Any CPU.Deploy.0 = Debug|Any CPU
		{23469E8A-245A-4F0A-80AB-A330C869FBFE}.Release|Any CPU.ActiveCfg = Release|Any CPU
		{23469E8A-245A-4F0A-80AB-A330C869FBFE}.Release|Any CPU.Build.0 = Release|Any CPU
		{23469E8A-245A-4F0A-80AB-A330C869FBFE}.Release|Any CPU.Deploy.0 = Release|Any CPU
		{68FB0B41-D07F-4352-88D0-3F9FC65D6FA9}.Debug|Any CPU.ActiveCfg = Debug|Any CPU
		{68FB0B41-D07F-4352-88D0-3F9FC65D6FA9}.Debug|Any CPU.Build.0 = Debug|Any CPU
		{68FB0B41-D07F-4352-88D0-3F9FC65D6FA9}.Debug|Any CPU.Deploy.0 = Debug|Any CPU
		{68FB0B41-D07F-4352-88D0-3F9FC65D6FA9}.Release|Any CPU.ActiveCfg = Release|Any CPU
		{68FB0B41-D07F-4352-88D0-3F9FC65D6FA9}.Release|Any CPU.Build.0 = Release|Any CPU
		{68FB0B41-D07F-4352-88D0-3F9FC65D6FA9}.Release|Any CPU.Deploy.0 = Release|Any CPU
	EndGlobalSection
	GlobalSection(SolutionProperties) = preSolution
		HideSolutionNode = FALSE
	EndGlobalSection
	GlobalSection(ExtensibilityGlobals) = postSolution
		SolutionGuid = {9CDA8039-22EA-4900-A236-FCAD73F5D13F}
	EndGlobalSection
EndGlobal
